// !$*UTF8*$!
{
	archiveVersion = 1;
	classes = {
	};
	objectVersion = 56;
	objects = {

/* Begin PBXBuildFile section */
		8D0DAA262BD6DDB5009D0004 /* Simulator Screenshot - iPhone 15 Pro - 2024-04-22 at 20.57.29.png in Resources */ = {isa = PBXBuildFile; fileRef = 8D0DAA252BD6DDB5009D0004 /* Simulator Screenshot - iPhone 15 Pro - 2024-04-22 at 20.57.29.png */; };
		8DEF7CB52BD6C573002B85F2 /* BusinessCardGeneratorApp.swift in Sources */ = {isa = PBXBuildFile; fileRef = 8DEF7CB42BD6C573002B85F2 /* BusinessCardGeneratorApp.swift */; };
		8DEF7CB72BD6C573002B85F2 /* ContentView.swift in Sources */ = {isa = PBXBuildFile; fileRef = 8DEF7CB62BD6C573002B85F2 /* ContentView.swift */; };
		8DEF7CB92BD6C574002B85F2 /* Assets.xcassets in Resources */ = {isa = PBXBuildFile; fileRef = 8DEF7CB82BD6C574002B85F2 /* Assets.xcassets */; };
		8DEF7CBC2BD6C574002B85F2 /* Preview Assets.xcassets in Resources */ = {isa = PBXBuildFile; fileRef = 8DEF7CBB2BD6C574002B85F2 /* Preview Assets.xcassets */; };
		8DEF7CBE2BD6C574002B85F2 /* Persistence.swift in Sources */ = {isa = PBXBuildFile; fileRef = 8DEF7CBD2BD6C574002B85F2 /* Persistence.swift */; };
		8DEF7CCB2BD6C574002B85F2 /* BusinessCardGeneratorTests.swift in Sources */ = {isa = PBXBuildFile; fileRef = 8DEF7CCA2BD6C574002B85F2 /* BusinessCardGeneratorTests.swift */; };
		8DEF7CD52BD6C574002B85F2 /* BusinessCardGeneratorUITests.swift in Sources */ = {isa = PBXBuildFile; fileRef = 8DEF7CD42BD6C574002B85F2 /* BusinessCardGeneratorUITests.swift */; };
		8DEF7CD72BD6C574002B85F2 /* BusinessCardGeneratorUITestsLaunchTests.swift in Sources */ = {isa = PBXBuildFile; fileRef = 8DEF7CD62BD6C574002B85F2 /* BusinessCardGeneratorUITestsLaunchTests.swift */; };
/* End PBXBuildFile section */

/* Begin PBXContainerItemProxy section */
		8DEF7CC72BD6C574002B85F2 /* PBXContainerItemProxy */ = {
			isa = PBXContainerItemProxy;
			containerPortal = 8DEF7CA92BD6C573002B85F2 /* Project object */;
			proxyType = 1;
			remoteGlobalIDString = 8DEF7CB02BD6C573002B85F2;
			remoteInfo = BusinessCardGenerator;
		};
		8DEF7CD12BD6C574002B85F2 /* PBXContainerItemProxy */ = {
			isa = PBXContainerItemProxy;
			containerPortal = 8DEF7CA92BD6C573002B85F2 /* Project object */;
			proxyType = 1;
			remoteGlobalIDString = 8DEF7CB02BD6C573002B85F2;
			remoteInfo = BusinessCardGenerator;
		};
/* End PBXContainerItemProxy section */

/* Begin PBXFileReference section */
		8D0DAA252BD6DDB5009D0004 /* Simulator Screenshot - iPhone 15 Pro - 2024-04-22 at 20.57.29.png */ = {isa = PBXFileReference; lastKnownFileType = image.png; path = "Simulator Screenshot - iPhone 15 Pro - 2024-04-22 at 20.57.29.png"; sourceTree = "<group>"; };
		8DEF7CB12BD6C573002B85F2 /* BusinessCardGenerator.app */ = {isa = PBXFileReference; explicitFileType = wrapper.application; includeInIndex = 0; path = BusinessCardGenerator.app; sourceTree = BUILT_PRODUCTS_DIR; };
		8DEF7CB42BD6C573002B85F2 /* BusinessCardGeneratorApp.swift */ = {isa = PBXFileReference; lastKnownFileType = sourcecode.swift; path = BusinessCardGeneratorApp.swift; sourceTree = "<group>"; };
		8DEF7CB62BD6C573002B85F2 /* ContentView.swift */ = {isa = PBXFileReference; lastKnownFileType = sourcecode.swift; path = ContentView.swift; sourceTree = "<group>"; };
		8DEF7CB82BD6C574002B85F2 /* Assets.xcassets */ = {isa = PBXFileReference; lastKnownFileType = folder.assetcatalog; path = Assets.xcassets; sourceTree = "<group>"; };
		8DEF7CBB2BD6C574002B85F2 /* Preview Assets.xcassets */ = {isa = PBXFileReference; lastKnownFileType = folder.assetcatalog; path = "Preview Assets.xcassets"; sourceTree = "<group>"; };
		8DEF7CBD2BD6C574002B85F2 /* Persistence.swift */ = {isa = PBXFileReference; lastKnownFileType = sourcecode.swift; path = Persistence.swift; sourceTree = "<group>"; };
		8DEF7CC62BD6C574002B85F2 /* BusinessCardGeneratorTests.xctest */ = {isa = PBXFileReference; explicitFileType = wrapper.cfbundle; includeInIndex = 0; path = BusinessCardGeneratorTests.xctest; sourceTree = BUILT_PRODUCTS_DIR; };
		8DEF7CCA2BD6C574002B85F2 /* BusinessCardGeneratorTests.swift */ = {isa = PBXFileReference; lastKnownFileType = sourcecode.swift; path = BusinessCardGeneratorTests.swift; sourceTree = "<group>"; };
		8DEF7CD02BD6C574002B85F2 /* BusinessCardGeneratorUITests.xctest */ = {isa = PBXFileReference; explicitFileType = wrapper.cfbundle; includeInIndex = 0; path = BusinessCardGeneratorUITests.xctest; sourceTree = BUILT_PRODUCTS_DIR; };
		8DEF7CD42BD6C574002B85F2 /* BusinessCardGeneratorUITests.swift */ = {isa = PBXFileReference; lastKnownFileType = sourcecode.swift; path = BusinessCardGeneratorUITests.swift; sourceTree = "<group>"; };
		8DEF7CD62BD6C574002B85F2 /* BusinessCardGeneratorUITestsLaunchTests.swift */ = {isa = PBXFileReference; lastKnownFileType = sourcecode.swift; path = BusinessCardGeneratorUITestsLaunchTests.swift; sourceTree = "<group>"; };
/* End PBXFileReference section */

/* Begin PBXFrameworksBuildPhase section */
		8DEF7CAE2BD6C573002B85F2 /* Frameworks */ = {
			isa = PBXFrameworksBuildPhase;
			buildActionMask = 2147483647;
			files = (
			);
			runOnlyForDeploymentPostprocessing = 0;
		};
		8DEF7CC32BD6C574002B85F2 /* Frameworks */ = {
			isa = PBXFrameworksBuildPhase;
			buildActionMask = 2147483647;
			files = (
			);
			runOnlyForDeploymentPostprocessing = 0;
		};
		8DEF7CCD2BD6C574002B85F2 /* Frameworks */ = {
			isa = PBXFrameworksBuildPhase;
			buildActionMask = 2147483647;
			files = (
			);
			runOnlyForDeploymentPostprocessing = 0;
		};
/* End PBXFrameworksBuildPhase section */

/* Begin PBXGroup section */
		8D0DAA242BD6DD94009D0004 /* Screenshots */ = {
			isa = PBXGroup;
			children = (
				8D0DAA252BD6DDB5009D0004 /* Simulator Screenshot - iPhone 15 Pro - 2024-04-22 at 20.57.29.png */,
			);
			path = Screenshots;
			sourceTree = "<group>";
		};
		8DEF7CA82BD6C572002B85F2 = {
			isa = PBXGroup;
			children = (
				8D0DAA242BD6DD94009D0004 /* Screenshots */,
				8DEF7CB32BD6C573002B85F2 /* BusinessCardGenerator */,
				8DEF7CC92BD6C574002B85F2 /* BusinessCardGeneratorTests */,
				8DEF7CD32BD6C574002B85F2 /* BusinessCardGeneratorUITests */,
				8DEF7CB22BD6C573002B85F2 /* Products */,
			);
			sourceTree = "<group>";
		};
		8DEF7CB22BD6C573002B85F2 /* Products */ = {
			isa = PBXGroup;
			children = (
				8DEF7CB12BD6C573002B85F2 /* BusinessCardGenerator.app */,
				8DEF7CC62BD6C574002B85F2 /* BusinessCardGeneratorTests.xctest */,
				8DEF7CD02BD6C574002B85F2 /* BusinessCardGeneratorUITests.xctest */,
			);
			name = Products;
			sourceTree = "<group>";
		};
		8DEF7CB32BD6C573002B85F2 /* BusinessCardGenerator */ = {
			isa = PBXGroup;
			children = (
				8DEF7CB42BD6C573002B85F2 /* BusinessCardGeneratorApp.swift */,
				8DEF7CB62BD6C573002B85F2 /* ContentView.swift */,
				8DEF7CB82BD6C574002B85F2 /* Assets.xcassets */,
				8DEF7CBD2BD6C574002B85F2 /* Persistence.swift */,
				8DEF7CBA2BD6C574002B85F2 /* Preview Content */,
			);
			path = BusinessCardGenerator;
			sourceTree = "<group>";
		};
		8DEF7CBA2BD6C574002B85F2 /* Preview Content */ = {
			isa = PBXGroup;
			children = (
				8DEF7CBB2BD6C574002B85F2 /* Preview Assets.xcassets */,
			);
			path = "Preview Content";
			sourceTree = "<group>";
		};
		8DEF7CC92BD6C574002B85F2 /* BusinessCardGeneratorTests */ = {
			isa = PBXGroup;
			children = (
				8DEF7CCA2BD6C574002B85F2 /* BusinessCardGeneratorTests.swift */,
			);
			path = BusinessCardGeneratorTests;
			sourceTree = "<group>";
		};
		8DEF7CD32BD6C574002B85F2 /* BusinessCardGeneratorUITests */ = {
			isa = PBXGroup;
			children = (
				8DEF7CD42BD6C574002B85F2 /* BusinessCardGeneratorUITests.swift */,
				8DEF7CD62BD6C574002B85F2 /* BusinessCardGeneratorUITestsLaunchTests.swift */,
			);
			path = BusinessCardGeneratorUITests;
			sourceTree = "<group>";
		};
/* End PBXGroup section */

/* Begin PBXNativeTarget section */
		8DEF7CB02BD6C573002B85F2 /* BusinessCardGenerator */ = {
			isa = PBXNativeTarget;
			buildConfigurationList = 8DEF7CDA2BD6C574002B85F2 /* Build configuration list for PBXNativeTarget "BusinessCardGenerator" */;
			buildPhases = (
				8DEF7CAD2BD6C573002B85F2 /* Sources */,
				8DEF7CAE2BD6C573002B85F2 /* Frameworks */,
				8DEF7CAF2BD6C573002B85F2 /* Resources */,
			);
			buildRules = (
			);
			dependencies = (
			);
			name = BusinessCardGenerator;
			productName = BusinessCardGenerator;
			productReference = 8DEF7CB12BD6C573002B85F2 /* BusinessCardGenerator.app */;
			productType = "com.apple.product-type.application";
		};
		8DEF7CC52BD6C574002B85F2 /* BusinessCardGeneratorTests */ = {
			isa = PBXNativeTarget;
			buildConfigurationList = 8DEF7CDD2BD6C574002B85F2 /* Build configuration list for PBXNativeTarget "BusinessCardGeneratorTests" */;
			buildPhases = (
				8DEF7CC22BD6C574002B85F2 /* Sources */,
				8DEF7CC32BD6C574002B85F2 /* Frameworks */,
				8DEF7CC42BD6C574002B85F2 /* Resources */,
			);
			buildRules = (
			);
			dependencies = (
				8DEF7CC82BD6C574002B85F2 /* PBXTargetDependency */,
			);
			name = BusinessCardGeneratorTests;
			productName = BusinessCardGeneratorTests;
			productReference = 8DEF7CC62BD6C574002B85F2 /* BusinessCardGeneratorTests.xctest */;
			productType = "com.apple.product-type.bundle.unit-test";
		};
		8DEF7CCF2BD6C574002B85F2 /* BusinessCardGeneratorUITests */ = {
			isa = PBXNativeTarget;
			buildConfigurationList = 8DEF7CE02BD6C574002B85F2 /* Build configuration list for PBXNativeTarget "BusinessCardGeneratorUITests" */;
			buildPhases = (
				8DEF7CCC2BD6C574002B85F2 /* Sources */,
				8DEF7CCD2BD6C574002B85F2 /* Frameworks */,
				8DEF7CCE2BD6C574002B85F2 /* Resources */,
			);
			buildRules = (
			);
			dependencies = (
				8DEF7CD22BD6C574002B85F2 /* PBXTargetDependency */,
			);
			name = BusinessCardGeneratorUITests;
			productName = BusinessCardGeneratorUITests;
			productReference = 8DEF7CD02BD6C574002B85F2 /* BusinessCardGeneratorUITests.xctest */;
			productType = "com.apple.product-type.bundle.ui-testing";
		};
/* End PBXNativeTarget section */

/* Begin PBXProject section */
		8DEF7CA92BD6C573002B85F2 /* Project object */ = {
			isa = PBXProject;
			attributes = {
				BuildIndependentTargetsInParallel = 1;
				LastSwiftUpdateCheck = 1520;
				LastUpgradeCheck = 1520;
				TargetAttributes = {
					8DEF7CB02BD6C573002B85F2 = {
						CreatedOnToolsVersion = 15.2;
					};
					8DEF7CC52BD6C574002B85F2 = {
						CreatedOnToolsVersion = 15.2;
						TestTargetID = 8DEF7CB02BD6C573002B85F2;
					};
					8DEF7CCF2BD6C574002B85F2 = {
						CreatedOnToolsVersion = 15.2;
						TestTargetID = 8DEF7CB02BD6C573002B85F2;
					};
				};
			};
			buildConfigurationList = 8DEF7CAC2BD6C573002B85F2 /* Build configuration list for PBXProject "BusinessCardGenerator" */;
			compatibilityVersion = "Xcode 14.0";
			developmentRegion = en;
			hasScannedForEncodings = 0;
			knownRegions = (
				en,
				Base,
			);
			mainGroup = 8DEF7CA82BD6C572002B85F2;
			productRefGroup = 8DEF7CB22BD6C573002B85F2 /* Products */;
			projectDirPath = "";
			projectRoot = "";
			targets = (
				8DEF7CB02BD6C573002B85F2 /* BusinessCardGenerator */,
				8DEF7CC52BD6C574002B85F2 /* BusinessCardGeneratorTests */,
				8DEF7CCF2BD6C574002B85F2 /* BusinessCardGeneratorUITests */,
			);
		};
/* End PBXProject section */

/* Begin PBXResourcesBuildPhase section */
		8DEF7CAF2BD6C573002B85F2 /* Resources */ = {
			isa = PBXResourcesBuildPhase;
			buildActionMask = 2147483647;
			files = (
				8D0DAA262BD6DDB5009D0004 /* Simulator Screenshot - iPhone 15 Pro - 2024-04-22 at 20.57.29.png in Resources */,
				8DEF7CBC2BD6C574002B85F2 /* Preview Assets.xcassets in Resources */,
				8DEF7CB92BD6C574002B85F2 /* Assets.xcassets in Resources */,
			);
			runOnlyForDeploymentPostprocessing = 0;
		};
		8DEF7CC42BD6C574002B85F2 /* Resources */ = {
			isa = PBXResourcesBuildPhase;
			buildActionMask = 2147483647;
			files = (
			);
			runOnlyForDeploymentPostprocessing = 0;
		};
		8DEF7CCE2BD6C574002B85F2 /* Resources */ = {
			isa = PBXResourcesBuildPhase;
			buildActionMask = 2147483647;
			files = (
			);
			runOnlyForDeploymentPostprocessing = 0;
		};
/* End PBXResourcesBuildPhase section */

/* Begin PBXSourcesBuildPhase section */
		8DEF7CAD2BD6C573002B85F2 /* Sources */ = {
			isa = PBXSourcesBuildPhase;
			buildActionMask = 2147483647;
			files = (
				8DEF7CBE2BD6C574002B85F2 /* Persistence.swift in Sources */,
				8DEF7CB72BD6C573002B85F2 /* ContentView.swift in Sources */,
				8DEF7CB52BD6C573002B85F2 /* BusinessCardGeneratorApp.swift in Sources */,
			);
			runOnlyForDeploymentPostprocessing = 0;
		};
		8DEF7CC22BD6C574002B85F2 /* Sources */ = {
			isa = PBXSourcesBuildPhase;
			buildActionMask = 2147483647;
			files = (
				8DEF7CCB2BD6C574002B85F2 /* BusinessCardGeneratorTests.swift in Sources */,
			);
			runOnlyForDeploymentPostprocessing = 0;
		};
		8DEF7CCC2BD6C574002B85F2 /* Sources */ = {
			isa = PBXSourcesBuildPhase;
			buildActionMask = 2147483647;
			files = (
				8DEF7CD72BD6C574002B85F2 /* BusinessCardGeneratorUITestsLaunchTests.swift in Sources */,
				8DEF7CD52BD6C574002B85F2 /* BusinessCardGeneratorUITests.swift in Sources */,
			);
			runOnlyForDeploymentPostprocessing = 0;
		};
/* End PBXSourcesBuildPhase section */

/* Begin PBXTargetDependency section */
		8DEF7CC82BD6C574002B85F2 /* PBXTargetDependency */ = {
			isa = PBXTargetDependency;
			target = 8DEF7CB02BD6C573002B85F2 /* BusinessCardGenerator */;
			targetProxy = 8DEF7CC72BD6C574002B85F2 /* PBXContainerItemProxy */;
		};
		8DEF7CD22BD6C574002B85F2 /* PBXTargetDependency */ = {
			isa = PBXTargetDependency;
			target = 8DEF7CB02BD6C573002B85F2 /* BusinessCardGenerator */;
			targetProxy = 8DEF7CD12BD6C574002B85F2 /* PBXContainerItemProxy */;
		};
/* End PBXTargetDependency section */

/* Begin XCBuildConfiguration section */
		8DEF7CD82BD6C574002B85F2 /* Debug */ = {
			isa = XCBuildConfiguration;
			buildSettings = {
				ALWAYS_SEARCH_USER_PATHS = NO;
				ASSETCATALOG_COMPILER_GENERATE_SWIFT_ASSET_SYMBOL_EXTENSIONS = YES;
				CLANG_ANALYZER_NONNULL = YES;
				CLANG_ANALYZER_NUMBER_OBJECT_CONVERSION = YES_AGGRESSIVE;
				CLANG_CXX_LANGUAGE_STANDARD = "gnu++20";
				CLANG_ENABLE_MODULES = YES;
				CLANG_ENABLE_OBJC_ARC = YES;
				CLANG_ENABLE_OBJC_WEAK = YES;
				CLANG_WARN_BLOCK_CAPTURE_AUTORELEASING = YES;
				CLANG_WARN_BOOL_CONVERSION = YES;
				CLANG_WARN_COMMA = YES;
				CLANG_WARN_CONSTANT_CONVERSION = YES;
				CLANG_WARN_DEPRECATED_OBJC_IMPLEMENTATIONS = YES;
				CLANG_WARN_DIRECT_OBJC_ISA_USAGE = YES_ERROR;
				CLANG_WARN_DOCUMENTATION_COMMENTS = YES;
				CLANG_WARN_EMPTY_BODY = YES;
				CLANG_WARN_ENUM_CONVERSION = YES;
				CLANG_WARN_INFINITE_RECURSION = YES;
				CLANG_WARN_INT_CONVERSION = YES;
				CLANG_WARN_NON_LITERAL_NULL_CONVERSION = YES;
				CLANG_WARN_OBJC_IMPLICIT_RETAIN_SELF = YES;
				CLANG_WARN_OBJC_LITERAL_CONVERSION = YES;
				CLANG_WARN_OBJC_ROOT_CLASS = YES_ERROR;
				CLANG_WARN_QUOTED_INCLUDE_IN_FRAMEWORK_HEADER = YES;
				CLANG_WARN_RANGE_LOOP_ANALYSIS = YES;
				CLANG_WARN_STRICT_PROTOTYPES = YES;
				CLANG_WARN_SUSPICIOUS_MOVE = YES;
				CLANG_WARN_UNGUARDED_AVAILABILITY = YES_AGGRESSIVE;
				CLANG_WARN_UNREACHABLE_CODE = YES;
				CLANG_WARN__DUPLICATE_METHOD_MATCH = YES;
				COPY_PHASE_STRIP = NO;
				DEBUG_INFORMATION_FORMAT = dwarf;
				ENABLE_STRICT_OBJC_MSGSEND = YES;
				ENABLE_TESTABILITY = YES;
				ENABLE_USER_SCRIPT_SANDBOXING = YES;
				GCC_C_LANGUAGE_STANDARD = gnu17;
				GCC_DYNAMIC_NO_PIC = NO;
				GCC_NO_COMMON_BLOCKS = YES;
				GCC_OPTIMIZATION_LEVEL = 0;
				GCC_PREPROCESSOR_DEFINITIONS = (
					"DEBUG=1",
					"$(inherited)",
				);
				GCC_WARN_64_TO_32_BIT_CONVERSION = YES;
				GCC_WARN_ABOUT_RETURN_TYPE = YES_ERROR;
				GCC_WARN_UNDECLARED_SELECTOR = YES;
				GCC_WARN_UNINITIALIZED_AUTOS = YES_AGGRESSIVE;
				GCC_WARN_UNUSED_FUNCTION = YES;
				GCC_WARN_UNUSED_VARIABLE = YES;
				IPHONEOS_DEPLOYMENT_TARGET = 17.2;
				LOCALIZATION_PREFERS_STRING_CATALOGS = YES;
				MTL_ENABLE_DEBUG_INFO = INCLUDE_SOURCE;
				MTL_FAST_MATH = YES;
				ONLY_ACTIVE_ARCH = YES;
				SDKROOT = iphoneos;
				SWIFT_ACTIVE_COMPILATION_CONDITIONS = "DEBUG $(inherited)";
				SWIFT_OPTIMIZATION_LEVEL = "-Onone";
			};
			name = Debug;
		};
		8DEF7CD92BD6C574002B85F2 /* Release */ = {
			isa = XCBuildConfiguration;
			buildSettings = {
				ALWAYS_SEARCH_USER_PATHS = NO;
				ASSETCATALOG_COMPILER_GENERATE_SWIFT_ASSET_SYMBOL_EXTENSIONS = YES;
				CLANG_ANALYZER_NONNULL = YES;
				CLANG_ANALYZER_NUMBER_OBJECT_CONVERSION = YES_AGGRESSIVE;
				CLANG_CXX_LANGUAGE_STANDARD = "gnu++20";
				CLANG_ENABLE_MODULES = YES;
				CLANG_ENABLE_OBJC_ARC = YES;
				CLANG_ENABLE_OBJC_WEAK = YES;
				CLANG_WARN_BLOCK_CAPTURE_AUTORELEASING = YES;
				CLANG_WARN_BOOL_CONVERSION = YES;
				CLANG_WARN_COMMA = YES;
				CLANG_WARN_CONSTANT_CONVERSION = YES;
				CLANG_WARN_DEPRECATED_OBJC_IMPLEMENTATIONS = YES;
				CLANG_WARN_DIRECT_OBJC_ISA_USAGE = YES_ERROR;
				CLANG_WARN_DOCUMENTATION_COMMENTS = YES;
				CLANG_WARN_EMPTY_BODY = YES;
				CLANG_WARN_ENUM_CONVERSION = YES;
				CLANG_WARN_INFINITE_RECURSION = YES;
				CLANG_WARN_INT_CONVERSION = YES;
				CLANG_WARN_NON_LITERAL_NULL_CONVERSION = YES;
				CLANG_WARN_OBJC_IMPLICIT_RETAIN_SELF = YES;
				CLANG_WARN_OBJC_LITERAL_CONVERSION = YES;
				CLANG_WARN_OBJC_ROOT_CLASS = YES_ERROR;
				CLANG_WARN_QUOTED_INCLUDE_IN_FRAMEWORK_HEADER = YES;
				CLANG_WARN_RANGE_LOOP_ANALYSIS = YES;
				CLANG_WARN_STRICT_PROTOTYPES = YES;
				CLANG_WARN_SUSPICIOUS_MOVE = YES;
				CLANG_WARN_UNGUARDED_AVAILABILITY = YES_AGGRESSIVE;
				CLANG_WARN_UNREACHABLE_CODE = YES;
				CLANG_WARN__DUPLICATE_METHOD_MATCH = YES;
				COPY_PHASE_STRIP = NO;
				DEBUG_INFORMATION_FORMAT = "dwarf-with-dsym";
				ENABLE_NS_ASSERTIONS = NO;
				ENABLE_STRICT_OBJC_MSGSEND = YES;
				ENABLE_USER_SCRIPT_SANDBOXING = YES;
				GCC_C_LANGUAGE_STANDARD = gnu17;
				GCC_NO_COMMON_BLOCKS = YES;
				GCC_WARN_64_TO_32_BIT_CONVERSION = YES;
				GCC_WARN_ABOUT_RETURN_TYPE = YES_ERROR;
				GCC_WARN_UNDECLARED_SELECTOR = YES;
				GCC_WARN_UNINITIALIZED_AUTOS = YES_AGGRESSIVE;
				GCC_WARN_UNUSED_FUNCTION = YES;
				GCC_WARN_UNUSED_VARIABLE = YES;
				IPHONEOS_DEPLOYMENT_TARGET = 17.2;
				LOCALIZATION_PREFERS_STRING_CATALOGS = YES;
				MTL_ENABLE_DEBUG_INFO = NO;
				MTL_FAST_MATH = YES;
				SDKROOT = iphoneos;
				SWIFT_COMPILATION_MODE = wholemodule;
				VALIDATE_PRODUCT = YES;
			};
			name = Release;
		};
		8DEF7CDB2BD6C574002B85F2 /* Debug */ = {
			isa = XCBuildConfiguration;
			buildSettings = {
				ASSETCATALOG_COMPILER_APPICON_NAME = AppIcon;
				ASSETCATALOG_COMPILER_GLOBAL_ACCENT_COLOR_NAME = AccentColor;
				CODE_SIGN_STYLE = Automatic;
				CURRENT_PROJECT_VERSION = 1;
				DEVELOPMENT_ASSET_PATHS = "\"BusinessCardGenerator/Preview Content\"";
				DEVELOPMENT_TEAM = 8HZT3TR2ZJ;
				ENABLE_PREVIEWS = YES;
				GENERATE_INFOPLIST_FILE = YES;
				INFOPLIST_KEY_UIApplicationSceneManifest_Generation = YES;
				INFOPLIST_KEY_UIApplicationSupportsIndirectInputEvents = YES;
				INFOPLIST_KEY_UILaunchScreen_Generation = YES;
				INFOPLIST_KEY_UISupportedInterfaceOrientations_iPad = "UIInterfaceOrientationPortrait UIInterfaceOrientationPortraitUpsideDown UIInterfaceOrientationLandscapeLeft UIInterfaceOrientationLandscapeRight";
				INFOPLIST_KEY_UISupportedInterfaceOrientations_iPhone = "UIInterfaceOrientationPortrait UIInterfaceOrientationLandscapeLeft UIInterfaceOrientationLandscapeRight";
				LD_RUNPATH_SEARCH_PATHS = (
					"$(inherited)",
					"@executable_path/Frameworks",
				);
				MARKETING_VERSION = 1.0;
				PRODUCT_BUNDLE_IDENTIFIER = "Wellbeing-Vantage.BusinessCardGenerator";
				PRODUCT_NAME = "$(TARGET_NAME)";
				SWIFT_EMIT_LOC_STRINGS = YES;
				SWIFT_VERSION = 5.0;
				TARGETED_DEVICE_FAMILY = "1,2";
			};
			name = Debug;
		};
		8DEF7CDC2BD6C574002B85F2 /* Release */ = {
			isa = XCBuildConfiguration;
			buildSettings = {
				ASSETCATALOG_COMPILER_APPICON_NAME = AppIcon;
				ASSETCATALOG_COMPILER_GLOBAL_ACCENT_COLOR_NAME = AccentColor;
				CODE_SIGN_STYLE = Automatic;
				CURRENT_PROJECT_VERSION = 1;
				DEVELOPMENT_ASSET_PATHS = "\"BusinessCardGenerator/Preview Content\"";
				DEVELOPMENT_TEAM = 8HZT3TR2ZJ;
				ENABLE_PREVIEWS = YES;
				GENERATE_INFOPLIST_FILE = YES;
				INFOPLIST_KEY_UIApplicationSceneManifest_Generation = YES;
				INFOPLIST_KEY_UIApplicationSupportsIndirectInputEvents = YES;
				INFOPLIST_KEY_UILaunchScreen_Generation = YES;
				INFOPLIST_KEY_UISupportedInterfaceOrientations_iPad = "UIInterfaceOrientationPortrait UIInterfaceOrientationPortraitUpsideDown UIInterfaceOrientationLandscapeLeft UIInterfaceOrientationLandscapeRight";
				INFOPLIST_KEY_UISupportedInterfaceOrientations_iPhone = "UIInterfaceOrientationPortrait UIInterfaceOrientationLandscapeLeft UIInterfaceOrientationLandscapeRight";
				LD_RUNPATH_SEARCH_PATHS = (
					"$(inherited)",
					"@executable_path/Frameworks",
				);
				MARKETING_VERSION = 1.0;
				PRODUCT_BUNDLE_IDENTIFIER = "Wellbeing-Vantage.BusinessCardGenerator";
				PRODUCT_NAME = "$(TARGET_NAME)";
				SWIFT_EMIT_LOC_STRINGS = YES;
				SWIFT_VERSION = 5.0;
				TARGETED_DEVICE_FAMILY = "1,2";
			};
			name = Release;
		};
		8DEF7CDE2BD6C574002B85F2 /* Debug */ = {
			isa = XCBuildConfiguration;
			buildSettings = {
				ALWAYS_EMBED_SWIFT_STANDARD_LIBRARIES = YES;
				BUNDLE_LOADER = "$(TEST_HOST)";
				CODE_SIGN_STYLE = Automatic;
				CURRENT_PROJECT_VERSION = 1;
				DEVELOPMENT_TEAM = 8HZT3TR2ZJ;
				GENERATE_INFOPLIST_FILE = YES;
				IPHONEOS_DEPLOYMENT_TARGET = 17.2;
				MARKETING_VERSION = 1.0;
				PRODUCT_BUNDLE_IDENTIFIER = "Wellbeing-Vantage.BusinessCardGeneratorTests";
				PRODUCT_NAME = "$(TARGET_NAME)";
				SWIFT_EMIT_LOC_STRINGS = NO;
				SWIFT_VERSION = 5.0;
				TARGETED_DEVICE_FAMILY = "1,2";
				TEST_HOST = "$(BUILT_PRODUCTS_DIR)/BusinessCardGenerator.app/$(BUNDLE_EXECUTABLE_FOLDER_PATH)/BusinessCardGenerator";
			};
			name = Debug;
		};
		8DEF7CDF2BD6C574002B85F2 /* Release */ = {
			isa = XCBuildConfiguration;
			buildSettings = {
				ALWAYS_EMBED_SWIFT_STANDARD_LIBRARIES = YES;
				BUNDLE_LOADER = "$(TEST_HOST)";
				CODE_SIGN_STYLE = Automatic;
				CURRENT_PROJECT_VERSION = 1;
				DEVELOPMENT_TEAM = 8HZT3TR2ZJ;
				GENERATE_INFOPLIST_FILE = YES;
				IPHONEOS_DEPLOYMENT_TARGET = 17.2;
				MARKETING_VERSION = 1.0;
				PRODUCT_BUNDLE_IDENTIFIER = "Wellbeing-Vantage.BusinessCardGeneratorTests";
				PRODUCT_NAME = "$(TARGET_NAME)";
				SWIFT_EMIT_LOC_STRINGS = NO;
				SWIFT_VERSION = 5.0;
				TARGETED_DEVICE_FAMILY = "1,2";
				TEST_HOST = "$(BUILT_PRODUCTS_DIR)/BusinessCardGenerator.app/$(BUNDLE_EXECUTABLE_FOLDER_PATH)/BusinessCardGenerator";
			};
			name = Release;
		};
		8DEF7CE12BD6C574002B85F2 /* Debug */ = {
			isa = XCBuildConfiguration;
			buildSettings = {
				ALWAYS_EMBED_SWIFT_STANDARD_LIBRARIES = YES;
				CODE_SIGN_STYLE = Automatic;
				CURRENT_PROJECT_VERSION = 1;
				DEVELOPMENT_TEAM = 8HZT3TR2ZJ;
				GENERATE_INFOPLIST_FILE = YES;
				MARKETING_VERSION = 1.0;
				PRODUCT_BUNDLE_IDENTIFIER = "Wellbeing-Vantage.BusinessCardGeneratorUITests";
				PRODUCT_NAME = "$(TARGET_NAME)";
				SWIFT_EMIT_LOC_STRINGS = NO;
				SWIFT_VERSION = 5.0;
				TARGETED_DEVICE_FAMILY = "1,2";
				TEST_TARGET_NAME = BusinessCardGenerator;
			};
			name = Debug;
		};
		8DEF7CE22BD6C574002B85F2 /* Release */ = {
			isa = XCBuildConfiguration;
			buildSettings = {
				ALWAYS_EMBED_SWIFT_STANDARD_LIBRARIES = YES;
				CODE_SIGN_STYLE = Automatic;
				CURRENT_PROJECT_VERSION = 1;
				DEVELOPMENT_TEAM = 8HZT3TR2ZJ;
				GENERATE_INFOPLIST_FILE = YES;
				MARKETING_VERSION = 1.0;
				PRODUCT_BUNDLE_IDENTIFIER = "Wellbeing-Vantage.BusinessCardGeneratorUITests";
				PRODUCT_NAME = "$(TARGET_NAME)";
				SWIFT_EMIT_LOC_STRINGS = NO;
				SWIFT_VERSION = 5.0;
				TARGETED_DEVICE_FAMILY = "1,2";
				TEST_TARGET_NAME = BusinessCardGenerator;
			};
			name = Release;
		};
/* End XCBuildConfiguration section */

/* Begin XCConfigurationList section */
		8DEF7CAC2BD6C573002B85F2 /* Build configuration list for PBXProject "BusinessCardGenerator" */ = {
			isa = XCConfigurationList;
			buildConfigurations = (
				8DEF7CD82BD6C574002B85F2 /* Debug */,
				8DEF7CD92BD6C574002B85F2 /* Release */,
			);
			defaultConfigurationIsVisible = 0;
			defaultConfigurationName = Release;
		};
		8DEF7CDA2BD6C574002B85F2 /* Build configuration list for PBXNativeTarget "BusinessCardGenerator" */ = {
			isa = XCConfigurationList;
			buildConfigurations = (
				8DEF7CDB2BD6C574002B85F2 /* Debug */,
				8DEF7CDC2BD6C574002B85F2 /* Release */,
			);
			defaultConfigurationIsVisible = 0;
			defaultConfigurationName = Release;
		};
		8DEF7CDD2BD6C574002B85F2 /* Build configuration list for PBXNativeTarget "BusinessCardGeneratorTests" */ = {
			isa = XCConfigurationList;
			buildConfigurations = (
				8DEF7CDE2BD6C574002B85F2 /* Debug */,
				8DEF7CDF2BD6C574002B85F2 /* Release */,
			);
			defaultConfigurationIsVisible = 0;
			defaultConfigurationName = Release;
		};
		8DEF7CE02BD6C574002B85F2 /* Build configuration list for PBXNativeTarget "BusinessCardGeneratorUITests" */ = {
			isa = XCConfigurationList;
			buildConfigurations = (
				8DEF7CE12BD6C574002B85F2 /* Debug */,
				8DEF7CE22BD6C574002B85F2 /* Release */,
			);
			defaultConfigurationIsVisible = 0;
			defaultConfigurationName = Release;
		};
/* End XCConfigurationList section */
	};
	rootObject = 8DEF7CA92BD6C573002B85F2 /* Project object */;
}
